{
  "nodes": {
    "nixpkgs": {
      "locked": {
        "lastModified": 1762547611,
        "narHash": "sha256-I5hiVKYnKYn4tBRkWOOp824x3lvndgu2D/9ImgnuV5g=",
        "owner": "nixos",
        "repo": "nixpkgs",
        "rev": "656e6f3dfcf04607041abbf5a3ddc6e436acbf4d",
        "type": "github"
      },
      "original": {
        "owner": "nixos",
        "repo": "nixpkgs",
        "type": "github"
      }
    },
    "root": {
      "inputs": {
        "nixpkgs": "nixpkgs"
      }
    }
  },
  "root": "root",
  "version": 7
}
